
Microsoft Visual Studio Solution File, Format Version 12.00
# Visual Studio Version 16
VisualStudioVersion = 16.0.29230.47
MinimumVisualStudioVersion = 10.0.40219.1
Project("{FAE04EC0-301F-11D3-BF4B-00C04F79EFBC}") = "Interfaz2", "Interfaz2\Interfaz2.csproj", "{DAF2BE51-1895-4898-BCC2-195017869386}"
EndProject
Global
	GlobalSection(SolutionConfigurationPlatforms) = preSolution
		Debug|Any CPU = Debug|Any CPU
		Release|Any CPU = Release|Any CPU
	EndGlobalSection
	GlobalSection(ProjectConfigurationPlatforms) = postSolution
		{DAF2BE51-1895-4898-BCC2-195017869386}.Debug|Any CPU.ActiveCfg = Debug|Any CPU
		{DAF2BE51-1895-4898-BCC2-195017869386}.Debug|Any CPU.Build.0 = Debug|Any CPU
		{DAF2BE51-1895-4898-BCC2-195017869386}.Release|Any CPU.ActiveCfg = Release|Any CPU
		{DAF2BE51-1895-4898-BCC2-195017869386}.Release|Any CPU.Build.0 = Release|Any CPU
	EndGlobalSection
	GlobalSection(SolutionProperties) = preSolution
		HideSolutionNode = FALSE
	EndGlobalSection
	GlobalSection(ExtensibilityGlobals) = postSolution
		SolutionGuid = {81933096-52A8-411B-A8A8-610559C5B660}
	EndGlobalSection
EndGlobal
